# This is a Gradle generated file for dependency locking.
# Manual edits can break the build and are not advised.
# This file is expected to be part of source control.
ca.weblite:java-objc-bridge:1.0.0=_compileJava_1,compileClasspath,implementationDependenciesMetadata,minecraft,minecraftCopy,runtimeClasspath,runtimeClasspathCopy,testCompileClasspath,testImplementationDependenciesMetadata,testRuntimeClasspath
cabaletta:baritone-api:1.2=bundledRuntimeOnly
cabaletta:baritone-deobf-unoptimized-mcp-dev:1.2=compileClasspath,implementationDependenciesMetadata,runtimeClasspath,runtimeClasspathCopy,testCompileClasspath,testImplementationDependenciesMetadata,testRuntimeClasspath
com.google.code.findbugs:jsr305:3.0.1=_compileJava_1,compileClasspath,implementationDependenciesMetadata,minecraft,minecraftCopy,runtimeClasspath,runtimeClasspathCopy
com.google.code.findbugs:jsr305:3.0.2=testCompileClasspath,testImplementationDependenciesMetadata,testRuntimeClasspath
com.google.code.gson:gson:2.8.0=_compileJava_1,compileClasspath,implementationDependenciesMetadata,minecraft,minecraftCopy,runtimeClasspath,runtimeClasspathCopy,testCompileClasspath,testImplementationDependenciesMetadata,testRuntimeClasspath
com.google.errorprone:error_prone_annotations:2.11.0=testCompileClasspath,testImplementationDependenciesMetadata,testRuntimeClasspath
com.google.guava:failureaccess:1.0.1=testCompileClasspath,testImplementationDependenciesMetadata,testRuntimeClasspath
com.google.guava:guava:21.0=_compileJava_1,compileClasspath,implementationDependenciesMetadata,minecraft,minecraftCopy,runtimeClasspath,runtimeClasspathCopy
com.google.guava:guava:31.1-jre=testCompileClasspath,testImplementationDependenciesMetadata,testRuntimeClasspath
com.google.guava:listenablefuture:9999.0-empty-to-avoid-conflict-with-guava=testCompileClasspath,testImplementationDependenciesMetadata,testRuntimeClasspath
com.google.j2objc:j2objc-annotations:1.3=testCompileClasspath,testImplementationDependenciesMetadata,testRuntimeClasspath
com.ibm.icu:icu4j-core-mojang:51.2=_compileJava_1,compileClasspath,implementationDependenciesMetadata,minecraft,minecraftCopy,runtimeClasspath,runtimeClasspathCopy,testCompileClasspath,testImplementationDependenciesMetadata,testRuntimeClasspath
com.mojang:authlib:1.5.25=_compileJava_1,compileClasspath,implementationDependenciesMetadata,minecraft,minecraftCopy,runtimeClasspath,runtimeClasspathCopy,testCompileClasspath,testImplementationDependenciesMetadata,testRuntimeClasspath
com.mojang:patchy:1.3.9=_compileJava_1,compileClasspath,implementationDependenciesMetadata,minecraft,minecraftCopy,runtimeClasspath,runtimeClasspathCopy,testCompileClasspath,testImplementationDependenciesMetadata,testRuntimeClasspath
com.mojang:realms:1.10.22=_compileJava_1,compileClasspath,implementationDependenciesMetadata,minecraft,minecraftCopy,runtimeClasspath,runtimeClasspathCopy,testCompileClasspath,testImplementationDependenciesMetadata,testRuntimeClasspath
com.mojang:text2speech:1.10.3=_compileJava_1,compileClasspath,implementationDependenciesMetadata,minecraft,minecraftCopy,runtimeClasspath,runtimeClasspathCopy,testCompileClasspath,testImplementationDependenciesMetadata,testRuntimeClasspath
com.paulscode:codecjorbis:20101023=_compileJava_1,compileClasspath,implementationDependenciesMetadata,minecraft,minecraftCopy,runtimeClasspath,runtimeClasspathCopy,testCompileClasspath,testImplementationDependenciesMetadata,testRuntimeClasspath
com.paulscode:codecwav:20101023=_compileJava_1,compileClasspath,implementationDependenciesMetadata,minecraft,minecraftCopy,runtimeClasspath,runtimeClasspathCopy,testCompileClasspath,testImplementationDependenciesMetadata,testRuntimeClasspath
com.paulscode:libraryjavasound:20101123=_compileJava_1,compileClasspath,implementationDependenciesMetadata,minecraft,minecraftCopy,runtimeClasspath,runtimeClasspathCopy,testCompileClasspath,testImplementationDependenciesMetadata,testRuntimeClasspath
com.paulscode:librarylwjglopenal:20100824=_compileJava_1,compileClasspath,implementationDependenciesMetadata,minecraft,minecraftCopy,runtimeClasspath,runtimeClasspathCopy,testCompileClasspath,testImplementationDependenciesMetadata,testRuntimeClasspath
com.paulscode:soundsystem:20120107=_compileJava_1,compileClasspath,implementationDependenciesMetadata,minecraft,minecraftCopy,runtimeClasspath,runtimeClasspathCopy,testCompileClasspath,testImplementationDependenciesMetadata,testRuntimeClasspath
com.typesafe.akka:akka-actor_2.11:2.3.3=_compileJava_1,compileClasspath,implementationDependenciesMetadata,minecraft,minecraftCopy,runtimeClasspath,runtimeClasspathCopy,testCompileClasspath,testImplementationDependenciesMetadata,testRuntimeClasspath
com.typesafe:config:1.2.1=_compileJava_1,compileClasspath,implementationDependenciesMetadata,minecraft,minecraftCopy,runtimeClasspath,runtimeClasspathCopy,testCompileClasspath,testImplementationDependenciesMetadata,testRuntimeClasspath
commons-codec:commons-codec:1.10=_compileJava_1,compileClasspath,implementationDependenciesMetadata,minecraft,minecraftCopy,runtimeClasspath,runtimeClasspathCopy,testCompileClasspath,testImplementationDependenciesMetadata,testRuntimeClasspath
commons-io:commons-io:2.5=_compileJava_1,compileClasspath,implementationDependenciesMetadata,minecraft,minecraftCopy,runtimeClasspath,runtimeClasspathCopy,testCompileClasspath,testImplementationDependenciesMetadata,testRuntimeClasspath
commons-logging:commons-logging:1.1.3=_compileJava_1,compileClasspath,implementationDependenciesMetadata,minecraft,minecraftCopy,runtimeClasspath,runtimeClasspathCopy,testCompileClasspath,testImplementationDependenciesMetadata,testRuntimeClasspath
io.mockk:mockk-agent-api-jvm:1.13.10=testCompileClasspath,testRuntimeClasspath
io.mockk:mockk-agent-api:1.13.10=testCompileClasspath,testImplementationDependenciesMetadata,testRuntimeClasspath
io.mockk:mockk-agent-jvm:1.13.10=testCompileClasspath,testRuntimeClasspath
io.mockk:mockk-agent:1.13.10=testCompileClasspath,testImplementationDependenciesMetadata,testRuntimeClasspath
io.mockk:mockk-core-jvm:1.13.10=testCompileClasspath,testRuntimeClasspath
io.mockk:mockk-core:1.13.10=testCompileClasspath,testImplementationDependenciesMetadata,testRuntimeClasspath
io.mockk:mockk-dsl-jvm:1.13.10=testCompileClasspath,testRuntimeClasspath
io.mockk:mockk-dsl:1.13.10=testCompileClasspath,testImplementationDependenciesMetadata,testRuntimeClasspath
io.mockk:mockk-jvm:1.13.10=testCompileClasspath,testRuntimeClasspath
io.mockk:mockk:1.13.10=testCompileClasspath,testImplementationDependenciesMetadata,testRuntimeClasspath
io.netty:netty-all:4.1.9.Final=_compileJava_1,compileClasspath,implementationDependenciesMetadata,minecraft,minecraftCopy,runtimeClasspath,runtimeClasspathCopy,testCompileClasspath,testImplementationDependenciesMetadata,testRuntimeClasspath
it.unimi.dsi:fastutil:7.1.0=_compileJava_1,compileClasspath,implementationDependenciesMetadata,minecraft,minecraftCopy,runtimeClasspath,runtimeClasspathCopy,testCompileClasspath,testImplementationDependenciesMetadata,testRuntimeClasspath
java3d:vecmath:1.5.2=_compileJava_1,compileClasspath,implementationDependenciesMetadata,minecraft,minecraftCopy,runtimeClasspath,runtimeClasspathCopy,testCompileClasspath,testImplementationDependenciesMetadata,testRuntimeClasspath
junit:junit:4.13.2=testRuntimeClasspath
lzma:lzma:0.0.1=_compileJava_1,compileClasspath,implementationDependenciesMetadata,minecraft,minecraftCopy,runtimeClasspath,runtimeClasspathCopy,testCompileClasspath,testImplementationDependenciesMetadata,testRuntimeClasspath
net.bytebuddy:byte-buddy-agent:1.14.6=testCompileClasspath,testRuntimeClasspath
net.bytebuddy:byte-buddy:1.14.6=testCompileClasspath,testRuntimeClasspath
net.java.dev.jna:jna:4.4.0=_compileJava_1,compileClasspath,implementationDependenciesMetadata,minecraft,minecraftCopy,runtimeClasspath,runtimeClasspathCopy,testCompileClasspath,testImplementationDependenciesMetadata,testRuntimeClasspath
net.java.dev.jna:platform:3.4.0=_compileJava_1,compileClasspath,implementationDependenciesMetadata,minecraft,minecraftCopy,runtimeClasspath,runtimeClasspathCopy,testCompileClasspath,testImplementationDependenciesMetadata,testRuntimeClasspath
net.java.jinput:jinput-platform:2.0.5=_compileJava_1,minecraft,minecraftCopy,runtimeClasspath,runtimeClasspathCopy,testRuntimeClasspath
net.java.jinput:jinput:2.0.5=_compileJava_1,compileClasspath,implementationDependenciesMetadata,minecraft,minecraftCopy,runtimeClasspath,runtimeClasspathCopy,testCompileClasspath,testImplementationDependenciesMetadata,testRuntimeClasspath
net.java.jutils:jutils:1.0.0=_compileJava_1,compileClasspath,implementationDependenciesMetadata,minecraft,minecraftCopy,runtimeClasspath,runtimeClasspathCopy,testCompileClasspath,testImplementationDependenciesMetadata,testRuntimeClasspath
net.minecraft:client:1.12.2=_compileJava_1,compileClasspath,implementationDependenciesMetadata,minecraft,minecraftCopy,runtimeClasspath,runtimeClasspathCopy,testCompileClasspath,testImplementationDependenciesMetadata,testRuntimeClasspath
net.minecraft:launchwrapper:1.12=_compileJava_1,compileClasspath,implementationDependenciesMetadata,minecraft,minecraftCopy,runtimeClasspath,runtimeClasspathCopy,testCompileClasspath,testImplementationDependenciesMetadata,testRuntimeClasspath
net.minecraft:mappings_stable:39-1.12=compileClasspath,implementationDependenciesMetadata,minecraft,minecraftCopy,runtimeClasspath,runtimeClasspathCopy,testCompileClasspath,testImplementationDependenciesMetadata,testRuntimeClasspath
net.minecraftforge:forge:1.12.2-14.23.5.2864_mapped_stable_39-1.12=compileClasspath,implementationDependenciesMetadata,minecraft,minecraftCopy,runtimeClasspath,runtimeClasspathCopy,testCompileClasspath,testImplementationDependenciesMetadata,testRuntimeClasspath
net.minecraftforge:legacydev:0.2.3.1=_compileJava_1,compileClasspath,implementationDependenciesMetadata,minecraft,minecraftCopy,runtimeClasspath,runtimeClasspathCopy,testCompileClasspath,testImplementationDependenciesMetadata,testRuntimeClasspath
net.minecraftforge:mergetool:1.0.13=_compileJava_1,compileClasspath,implementationDependenciesMetadata,minecraft,minecraftCopy,runtimeClasspath,runtimeClasspathCopy,testCompileClasspath,testImplementationDependenciesMetadata,testRuntimeClasspath
net.sf.jopt-simple:jopt-simple:5.0.3=compileClasspath,implementationDependenciesMetadata,testCompileClasspath,testImplementationDependenciesMetadata
net.sf.jopt-simple:jopt-simple:5.0.4=_compileJava_1,minecraft,minecraftCopy,runtimeClasspath,runtimeClasspathCopy,testRuntimeClasspath
net.sf.trove4j:trove4j:3.0.3=_compileJava_1,compileClasspath,implementationDependenciesMetadata,minecraft,minecraftCopy,runtimeClasspath,runtimeClasspathCopy,testCompileClasspath,testImplementationDependenciesMetadata,testRuntimeClasspath
org.apache.commons:commons-compress:1.8.1=_compileJava_1,compileClasspath,implementationDependenciesMetadata,minecraft,minecraftCopy,runtimeClasspath,runtimeClasspathCopy,testCompileClasspath,testImplementationDependenciesMetadata,testRuntimeClasspath
org.apache.commons:commons-lang3:3.5=_compileJava_1,compileClasspath,implementationDependenciesMetadata,minecraft,minecraftCopy,runtimeClasspath,runtimeClasspathCopy,testCompileClasspath,testImplementationDependenciesMetadata,testRuntimeClasspath
org.apache.httpcomponents:httpclient:4.3.3=_compileJava_1,compileClasspath,implementationDependenciesMetadata,minecraft,minecraftCopy,runtimeClasspath,runtimeClasspathCopy,testCompileClasspath,testImplementationDependenciesMetadata,testRuntimeClasspath
org.apache.httpcomponents:httpcore:4.3.2=_compileJava_1,compileClasspath,implementationDependenciesMetadata,minecraft,minecraftCopy,runtimeClasspath,runtimeClasspathCopy,testCompileClasspath,testImplementationDependenciesMetadata,testRuntimeClasspath
org.apache.logging.log4j:log4j-api:2.15.0=_compileJava_1,compileClasspath,implementationDependenciesMetadata,minecraft,minecraftCopy,runtimeClasspath,runtimeClasspathCopy,testCompileClasspath,testImplementationDependenciesMetadata,testRuntimeClasspath
org.apache.logging.log4j:log4j-core:2.15.0=_compileJava_1,compileClasspath,implementationDependenciesMetadata,minecraft,minecraftCopy,runtimeClasspath,runtimeClasspathCopy,testCompileClasspath,testImplementationDependenciesMetadata,testRuntimeClasspath
org.apache.maven:maven-artifact:3.5.3=_compileJava_1,compileClasspath,implementationDependenciesMetadata,minecraft,minecraftCopy,runtimeClasspath,runtimeClasspathCopy,testCompileClasspath,testImplementationDependenciesMetadata,testRuntimeClasspath
org.apiguardian:apiguardian-api:1.1.2=testCompileClasspath,testImplementationDependenciesMetadata
org.checkerframework:checker-qual:3.12.0=testCompileClasspath,testImplementationDependenciesMetadata,testRuntimeClasspath
org.codehaus.plexus:plexus-utils:3.1.0=_compileJava_1,compileClasspath,implementationDependenciesMetadata,minecraft,minecraftCopy,runtimeClasspath,runtimeClasspathCopy,testCompileClasspath,testImplementationDependenciesMetadata,testRuntimeClasspath
org.hamcrest:hamcrest-core:1.3=testRuntimeClasspath
org.jetbrains.intellij.deps:trove4j:1.0.20200330=kotlinCompilerClasspath,kotlinKlibCommonizerClasspath
org.jetbrains.kotlin:kotlin-build-tools-api:1.9.0=kotlinBuildToolsApiClasspath
org.jetbrains.kotlin:kotlin-build-tools-impl:1.9.0=kotlinBuildToolsApiClasspath
org.jetbrains.kotlin:kotlin-compiler-embeddable:1.9.0=kotlinCompilerClasspath,kotlinKlibCommonizerClasspath
org.jetbrains.kotlin:kotlin-daemon-embeddable:1.9.0=kotlinCompilerClasspath,kotlinKlibCommonizerClasspath
org.jetbrains.kotlin:kotlin-klib-commonizer-embeddable:1.9.0=kotlinKlibCommonizerClasspath
org.jetbrains.kotlin:kotlin-reflect:1.6.10=kotlinCompilerClasspath,kotlinKlibCommonizerClasspath
org.jetbrains.kotlin:kotlin-reflect:1.9.0=bundledLibraries,compileClasspath,implementationDependenciesMetadata,runtimeClasspath,runtimeClasspathCopy,testCompileClasspath,testImplementationDependenciesMetadata
org.jetbrains.kotlin:kotlin-reflect:1.9.10=testRuntimeClasspath
org.jetbrains.kotlin:kotlin-script-runtime:1.9.0=kotlinCompilerClasspath,kotlinCompilerPluginClasspathMain,kotlinCompilerPluginClasspathTest,kotlinKlibCommonizerClasspath
org.jetbrains.kotlin:kotlin-scripting-common:1.9.0=kotlinCompilerPluginClasspathMain,kotlinCompilerPluginClasspathTest
org.jetbrains.kotlin:kotlin-scripting-compiler-embeddable:1.9.0=kotlinCompilerPluginClasspathMain,kotlinCompilerPluginClasspathTest
org.jetbrains.kotlin:kotlin-scripting-compiler-impl-embeddable:1.9.0=kotlinCompilerPluginClasspathMain,kotlinCompilerPluginClasspathTest
org.jetbrains.kotlin:kotlin-scripting-jvm:1.9.0=kotlinCompilerPluginClasspathMain,kotlinCompilerPluginClasspathTest
org.jetbrains.kotlin:kotlin-stdlib-common:1.9.0=bundledLibraries,compileClasspath,compileOnlyDependenciesMetadata,implementationDependenciesMetadata,kotlinBuildToolsApiClasspath,kotlinCompilerClasspath,kotlinCompilerPluginClasspathMain,kotlinCompilerPluginClasspathTest,kotlinKlibCommonizerClasspath,runtimeClasspath,runtimeClasspathCopy
org.jetbrains.kotlin:kotlin-stdlib-common:1.9.10=testCompileClasspath,testImplementationDependenciesMetadata,testRuntimeClasspath
org.jetbrains.kotlin:kotlin-stdlib-jdk7:1.9.0=bundledLibraries,compileClasspath,implementationDependenciesMetadata,runtimeClasspath,runtimeClasspathCopy,testImplementationDependenciesMetadata
org.jetbrains.kotlin:kotlin-stdlib-jdk7:1.9.10=testCompileClasspath,testRuntimeClasspath
org.jetbrains.kotlin:kotlin-stdlib-jdk8:1.9.0=bundledLibraries,compileClasspath,implementationDependenciesMetadata,runtimeClasspath,runtimeClasspathCopy,testImplementationDependenciesMetadata
org.jetbrains.kotlin:kotlin-stdlib-jdk8:1.9.10=testCompileClasspath,testRuntimeClasspath
org.jetbrains.kotlin:kotlin-stdlib:1.9.0=bundledLibraries,compileClasspath,implementationDependenciesMetadata,kotlinBuildToolsApiClasspath,kotlinCompilerClasspath,kotlinCompilerPluginClasspathMain,kotlinCompilerPluginClasspathTest,kotlinKlibCommonizerClasspath,runtimeClasspath,runtimeClasspathCopy,testImplementationDependenciesMetadata
org.jetbrains.kotlin:kotlin-stdlib:1.9.10=testCompileClasspath,testRuntimeClasspath
org.jetbrains.kotlin:kotlin-test-annotations-common:1.9.0=testImplementationDependenciesMetadata
org.jetbrains.kotlin:kotlin-test-common:1.9.0=testImplementationDependenciesMetadata
org.jetbrains.kotlin:kotlin-test-junit5:1.9.0=testCompileClasspath,testImplementationDependenciesMetadata,testRuntimeClasspath
org.jetbrains.kotlin:kotlin-test:1.9.0=testCompileClasspath,testImplementationDependenciesMetadata,testRuntimeClasspath
org.jetbrains.kotlinx:kotlinx-coroutines-bom:1.6.4=testRuntimeClasspath
org.jetbrains.kotlinx:kotlinx-coroutines-core-jvm:1.6.4=testRuntimeClasspath
org.jetbrains.kotlinx:kotlinx-coroutines-core:1.6.4=testRuntimeClasspath
org.jetbrains:annotations:13.0=bundledLibraries,implementationDependenciesMetadata,kotlinBuildToolsApiClasspath,kotlinCompilerClasspath,kotlinCompilerPluginClasspathMain,kotlinCompilerPluginClasspathTest,kotlinKlibCommonizerClasspath,runtimeClasspath,runtimeClasspathCopy,testCompileClasspath,testImplementationDependenciesMetadata,testRuntimeClasspath
org.jetbrains:annotations:23.0.0=compileClasspath,compileOnlyDependenciesMetadata
org.jline:jline:3.5.1=_compileJava_1,compileClasspath,implementationDependenciesMetadata,minecraft,minecraftCopy,runtimeClasspath,runtimeClasspathCopy,testCompileClasspath,testImplementationDependenciesMetadata,testRuntimeClasspath
org.joml:joml:1.10.7=bundledLibraries,compileClasspath,implementationDependenciesMetadata,runtimeClasspath,runtimeClasspathCopy,testCompileClasspath,testImplementationDependenciesMetadata,testRuntimeClasspath
org.junit.jupiter:junit-jupiter-api:5.10.2=testCompileClasspath,testImplementationDependenciesMetadata,testRuntimeClasspath
org.junit.jupiter:junit-jupiter-engine:5.10.2=testRuntimeClasspath
org.junit.jupiter:junit-jupiter-params:5.10.2=testCompileClasspath,testImplementationDependenciesMetadata,testRuntimeClasspath
org.junit.jupiter:junit-jupiter:5.10.2=testCompileClasspath,testImplementationDependenciesMetadata,testRuntimeClasspath
org.junit.platform:junit-platform-commons:1.10.2=testCompileClasspath,testImplementationDependenciesMetadata,testRuntimeClasspath
org.junit.platform:junit-platform-engine:1.10.2=testRuntimeClasspath
org.junit:junit-bom:5.10.2=testCompileClasspath,testImplementationDependenciesMetadata,testRuntimeClasspath
org.lwjgl.lwjgl:lwjgl-platform:2.9.4-nightly-20150209=_compileJava_1,compileClasspath,implementationDependenciesMetadata,minecraft,minecraftCopy,runtimeClasspath,runtimeClasspathCopy,testCompileClasspath,testImplementationDependenciesMetadata,testRuntimeClasspath
org.lwjgl.lwjgl:lwjgl:2.9.4-nightly-20150209=_compileJava_1,compileClasspath,implementationDependenciesMetadata,minecraft,minecraftCopy,runtimeClasspath,runtimeClasspathCopy,testCompileClasspath,testImplementationDependenciesMetadata,testRuntimeClasspath
org.lwjgl.lwjgl:lwjgl_util:2.9.4-nightly-20150209=_compileJava_1,compileClasspath,implementationDependenciesMetadata,minecraft,minecraftCopy,runtimeClasspath,runtimeClasspathCopy,testCompileClasspath,testImplementationDependenciesMetadata,testRuntimeClasspath
org.objenesis:objenesis:3.3=testCompileClasspath,testRuntimeClasspath
org.opentest4j:opentest4j:1.3.0=testCompileClasspath,testImplementationDependenciesMetadata,testRuntimeClasspath
org.ow2.asm:asm-analysis:6.2=_compileJava_1,minecraft,minecraftCopy,runtimeClasspath,runtimeClasspathCopy,testRuntimeClasspath
org.ow2.asm:asm-debug-all:5.2=_compileJava_1,compileClasspath,implementationDependenciesMetadata,minecraft,minecraftCopy,runtimeClasspath,runtimeClasspathCopy,testCompileClasspath,testImplementationDependenciesMetadata,testRuntimeClasspath
org.ow2.asm:asm-tree:6.2=_compileJava_1,minecraft,minecraftCopy,runtimeClasspath,runtimeClasspathCopy,testRuntimeClasspath
org.ow2.asm:asm-util:6.2=_compileJava_1,minecraft,minecraftCopy,runtimeClasspath,runtimeClasspathCopy,testRuntimeClasspath
org.ow2.asm:asm:6.2=_compileJava_1,minecraft,minecraftCopy,runtimeClasspath,runtimeClasspathCopy,testRuntimeClasspath
org.scala-lang.modules:scala-parser-combinators_2.11:1.0.1=_compileJava_1,compileClasspath,implementationDependenciesMetadata,minecraft,minecraftCopy,runtimeClasspath,runtimeClasspathCopy,testCompileClasspath,testImplementationDependenciesMetadata,testRuntimeClasspath
org.scala-lang.modules:scala-xml_2.11:1.0.2=_compileJava_1,compileClasspath,implementationDependenciesMetadata,minecraft,minecraftCopy,runtimeClasspath,runtimeClasspathCopy,testCompileClasspath,testImplementationDependenciesMetadata,testRuntimeClasspath
org.scala-lang.plugins:scala-continuations-library_2.11:1.0.2_mc=_compileJava_1,compileClasspath,implementationDependenciesMetadata,minecraft,minecraftCopy,runtimeClasspath,runtimeClasspathCopy,testCompileClasspath,testImplementationDependenciesMetadata,testRuntimeClasspath
org.scala-lang.plugins:scala-continuations-plugin_2.11.1:1.0.2_mc=_compileJava_1,compileClasspath,implementationDependenciesMetadata,minecraft,minecraftCopy,runtimeClasspath,runtimeClasspathCopy,testCompileClasspath,testImplementationDependenciesMetadata,testRuntimeClasspath
org.scala-lang:scala-actors-migration_2.11:1.1.0=_compileJava_1,compileClasspath,implementationDependenciesMetadata,minecraft,minecraftCopy,runtimeClasspath,runtimeClasspathCopy,testCompileClasspath,testImplementationDependenciesMetadata,testRuntimeClasspath
org.scala-lang:scala-actors:2.11.0=_compileJava_1,compileClasspath,implementationDependenciesMetadata,minecraft,minecraftCopy,runtimeClasspath,runtimeClasspathCopy,testCompileClasspath,testImplementationDependenciesMetadata,testRuntimeClasspath
org.scala-lang:scala-compiler:2.11.1=_compileJava_1,compileClasspath,implementationDependenciesMetadata,minecraft,minecraftCopy,runtimeClasspath,runtimeClasspathCopy,testCompileClasspath,testImplementationDependenciesMetadata,testRuntimeClasspath
org.scala-lang:scala-library:2.11.1=_compileJava_1,compileClasspath,implementationDependenciesMetadata,minecraft,minecraftCopy,runtimeClasspath,runtimeClasspathCopy,testCompileClasspath,testImplementationDependenciesMetadata,testRuntimeClasspath
org.scala-lang:scala-parser-combinators_2.11:1.0.1=_compileJava_1,compileClasspath,implementationDependenciesMetadata,minecraft,minecraftCopy,runtimeClasspath,runtimeClasspathCopy,testCompileClasspath,testImplementationDependenciesMetadata,testRuntimeClasspath
org.scala-lang:scala-reflect:2.11.1=_compileJava_1,compileClasspath,implementationDependenciesMetadata,minecraft,minecraftCopy,runtimeClasspath,runtimeClasspathCopy,testCompileClasspath,testImplementationDependenciesMetadata,testRuntimeClasspath
org.scala-lang:scala-swing_2.11:1.0.1=_compileJava_1,compileClasspath,implementationDependenciesMetadata,minecraft,minecraftCopy,runtimeClasspath,runtimeClasspathCopy,testCompileClasspath,testImplementationDependenciesMetadata,testRuntimeClasspath
org.scala-lang:scala-xml_2.11:1.0.2=_compileJava_1,compileClasspath,implementationDependenciesMetadata,minecraft,minecraftCopy,runtimeClasspath,runtimeClasspathCopy,testCompileClasspath,testImplementationDependenciesMetadata,testRuntimeClasspath
org.spongepowered:mixin:0.8.5=annotationProcessor,bundledLibraries,compileClasspath,implementationDependenciesMetadata,runtimeClasspath,runtimeClasspathCopy,testCompileClasspath,testImplementationDependenciesMetadata,testRuntimeClasspath
oshi-project:oshi-core:1.1=_compileJava_1,compileClasspath,implementationDependenciesMetadata,minecraft,minecraftCopy,runtimeClasspath,runtimeClasspathCopy,testCompileClasspath,testImplementationDependenciesMetadata,testRuntimeClasspath
empty=__obfuscated,apiDependenciesMetadata,intransitiveDependenciesMetadata,jarJar,kotlinCompilerPluginClasspath,kotlinNativeCompilerPluginClasspath,kotlinScriptDef,kotlinScriptDefExtensions,minecraftEmbed,minecraftLibrary,minecraftLibraryCopy,shadow,testAnnotationProcessor,testApiDependenciesMetadata,testCompileOnlyDependenciesMetadata,testIntransitiveDependenciesMetadata,testKotlinScriptDef,testKotlinScriptDefExtensions
